
Microsoft Visual Studio Solution File, Format Version 12.00
# Visual Studio Version 16
VisualStudioVersion = 16.0.29728.190
MinimumVisualStudioVersion = 10.0.40219.1
Project("{FAE04EC0-301F-11D3-BF4B-00C04F79EFBC}") = "MovieWorldBackOffice", "MovieWorldBackOffice\MovieWorldBackOffice.csproj", "{F907520A-E7EA-4FE7-8F47-79229B8A7C55}"
EndProject
Project("{E24C65DC-7377-472B-9ABA-BC803B73C61A}") = "MovieWorldFrontOffice", "MovieWorldFrontOffice\", "{C38D58F5-2436-4565-B1EF-43867CD420CA}"
	ProjectSection(WebsiteProperties) = preProject
		TargetFrameworkMoniker = ".NETFramework,Version%3Dv4.6.1"
		ProjectReferences = "{9ca84d8c-7309-41a1-aa0c-41c56f1c7d9d}|MovieWorld Testing.dll;{f5cb4219-d1c5-4c26-8bbe-4aa610697438}|MovieWorldClasses.dll;"
		Debug.AspNetCompiler.VirtualPath = "/localhost_50861"
		Debug.AspNetCompiler.PhysicalPath = "MovieWorldFrontOffice\"
		Debug.AspNetCompiler.TargetPath = "PrecompiledWeb\localhost_50861\"
		Debug.AspNetCompiler.Updateable = "true"
		Debug.AspNetCompiler.ForceOverwrite = "true"
		Debug.AspNetCompiler.FixedNames = "false"
		Debug.AspNetCompiler.Debug = "True"
		Release.AspNetCompiler.VirtualPath = "/localhost_50861"
		Release.AspNetCompiler.PhysicalPath = "MovieWorldFrontOffice\"
		Release.AspNetCompiler.TargetPath = "PrecompiledWeb\localhost_50861\"
		Release.AspNetCompiler.Updateable = "true"
		Release.AspNetCompiler.ForceOverwrite = "true"
		Release.AspNetCompiler.FixedNames = "false"
		Release.AspNetCompiler.Debug = "False"
		VWDPort = "50861"
		SlnRelativePath = "MovieWorldFrontOffice\"
		DefaultWebSiteLanguage = "Visual C#"
	EndProjectSection
EndProject
Project("{FAE04EC0-301F-11D3-BF4B-00C04F79EFBC}") = "MovieWorldClasses", "MovieWorldClasses\MovieWorldClasses.csproj", "{F5CB4219-D1C5-4C26-8BBE-4AA610697438}"
EndProject
Project("{FAE04EC0-301F-11D3-BF4B-00C04F79EFBC}") = "MovieWorldTesting", "MovieWorld Testing\MovieWorldTesting.csproj", "{9CA84D8C-7309-41A1-AA0C-41C56F1C7D9D}"
EndProject
Global
	GlobalSection(SolutionConfigurationPlatforms) = preSolution
		Debug|Any CPU = Debug|Any CPU
		Release|Any CPU = Release|Any CPU
	EndGlobalSection
	GlobalSection(ProjectConfigurationPlatforms) = postSolution
		{F907520A-E7EA-4FE7-8F47-79229B8A7C55}.Debug|Any CPU.ActiveCfg = Debug|Any CPU
		{F907520A-E7EA-4FE7-8F47-79229B8A7C55}.Debug|Any CPU.Build.0 = Debug|Any CPU
		{F907520A-E7EA-4FE7-8F47-79229B8A7C55}.Release|Any CPU.ActiveCfg = Release|Any CPU
		{F907520A-E7EA-4FE7-8F47-79229B8A7C55}.Release|Any CPU.Build.0 = Release|Any CPU
		{C38D58F5-2436-4565-B1EF-43867CD420CA}.Debug|Any CPU.ActiveCfg = Debug|Any CPU
		{C38D58F5-2436-4565-B1EF-43867CD420CA}.Debug|Any CPU.Build.0 = Debug|Any CPU
		{C38D58F5-2436-4565-B1EF-43867CD420CA}.Release|Any CPU.ActiveCfg = Debug|Any CPU
		{C38D58F5-2436-4565-B1EF-43867CD420CA}.Release|Any CPU.Build.0 = Debug|Any CPU
		{F5CB4219-D1C5-4C26-8BBE-4AA610697438}.Debug|Any CPU.ActiveCfg = Debug|Any CPU
		{F5CB4219-D1C5-4C26-8BBE-4AA610697438}.Debug|Any CPU.Build.0 = Debug|Any CPU
		{F5CB4219-D1C5-4C26-8BBE-4AA610697438}.Release|Any CPU.ActiveCfg = Release|Any CPU
		{F5CB4219-D1C5-4C26-8BBE-4AA610697438}.Release|Any CPU.Build.0 = Release|Any CPU
		{9CA84D8C-7309-41A1-AA0C-41C56F1C7D9D}.Debug|Any CPU.ActiveCfg = Debug|Any CPU
		{9CA84D8C-7309-41A1-AA0C-41C56F1C7D9D}.Debug|Any CPU.Build.0 = Debug|Any CPU
		{9CA84D8C-7309-41A1-AA0C-41C56F1C7D9D}.Release|Any CPU.ActiveCfg = Release|Any CPU
		{9CA84D8C-7309-41A1-AA0C-41C56F1C7D9D}.Release|Any CPU.Build.0 = Release|Any CPU
	EndGlobalSection
	GlobalSection(SolutionProperties) = preSolution
		HideSolutionNode = FALSE
	EndGlobalSection
	GlobalSection(ExtensibilityGlobals) = postSolution
		SolutionGuid = {6B9C9A6C-0B06-4153-95A6-369A389CF9FD}
	EndGlobalSection
EndGlobal
